
Microsoft Visual Studio Solution File, Format Version 12.00
# Visual Studio Version 16
VisualStudioVersion = 16.0.30128.74
MinimumVisualStudioVersion = 10.0.40219.1
Project("{9A19103F-16F7-4668-BE54-9A1E7A4F7556}") = "dexcmd", "dexcmd\dexcmd.csproj", "{337D6AD7-C6E7-4637-8A76-3B42BD9F6AB0}"
EndProject
Global
	GlobalSection(SolutionConfigurationPlatforms) = preSolution
		Debug|Any CPU = Debug|Any CPU
		Release|Any CPU = Release|Any CPU
	EndGlobalSection
	GlobalSection(ProjectConfigurationPlatforms) = postSolution
		{337D6AD7-C6E7-4637-8A76-3B42BD9F6AB0}.Debug|Any CPU.ActiveCfg = Debug|Any CPU
		{337D6AD7-C6E7-4637-8A76-3B42BD9F6AB0}.Debug|Any CPU.Build.0 = Debug|Any CPU
		{337D6AD7-C6E7-4637-8A76-3B42BD9F6AB0}.Release|Any CPU.ActiveCfg = Release|Any CPU
		{337D6AD7-C6E7-4637-8A76-3B42BD9F6AB0}.Release|Any CPU.Build.0 = Release|Any CPU
	EndGlobalSection
	GlobalSection(SolutionProperties) = preSolution
		HideSolutionNode = FALSE
	EndGlobalSection
	GlobalSection(ExtensibilityGlobals) = postSolution
		SolutionGuid = {06FCFC12-78CB-4921-AA49-FE28AB49C560}
	EndGlobalSection
EndGlobal
